// !$*UTF8*$!
{
	archiveVersion = 1;
	classes = {
	};
	objectVersion = 55;
	objects = {

/* Begin PBXBuildFile section */
		62A82BAC2742B6DA0098762A /* Assets.xcassets in Resources */ = {isa = PBXBuildFile; fileRef = 62A82BAB2742B6DA0098762A /* Assets.xcassets */; };
		62A82BAF2742B6DA0098762A /* Preview Assets.xcassets in Resources */ = {isa = PBXBuildFile; fileRef = 62A82BAE2742B6DA0098762A /* Preview Assets.xcassets */; };
		62A82BB72742B7B70098762A /* textAlert.swift in Sources */ = {isa = PBXBuildFile; fileRef = 62A82BB62742B7B70098762A /* textAlert.swift */; };
		62A82BBA2742B82A0098762A /* CompositePattern.swift in Sources */ = {isa = PBXBuildFile; fileRef = 62A82BB92742B82A0098762A /* CompositePattern.swift */; };
		62A82BBD2742B8540098762A /* ysCompositePatternApp.swift in Sources */ = {isa = PBXBuildFile; fileRef = 62A82BBC2742B8540098762A /* ysCompositePatternApp.swift */; };
		62A82BC02742B8E20098762A /* RootView.swift in Sources */ = {isa = PBXBuildFile; fileRef = 62A82BBF2742B8E20098762A /* RootView.swift */; };
		62A82BC22742B9140098762A /* SubView.swift in Sources */ = {isa = PBXBuildFile; fileRef = 62A82BC12742B9140098762A /* SubView.swift */; };
		62A82BC42742B9320098762A /* ListItemView.swift in Sources */ = {isa = PBXBuildFile; fileRef = 62A82BC32742B9320098762A /* ListItemView.swift */; };
/* End PBXBuildFile section */

/* Begin PBXFileReference section */
		62A82BA42742B6D80098762A /* Composite-homework.app */ = {isa = PBXFileReference; explicitFileType = wrapper.application; includeInIndex = 0; path = "Composite-homework.app"; sourceTree = BUILT_PRODUCTS_DIR; };
		62A82BAB2742B6DA0098762A /* Assets.xcassets */ = {isa = PBXFileReference; lastKnownFileType = folder.assetcatalog; path = Assets.xcassets; sourceTree = "<group>"; };
		62A82BAE2742B6DA0098762A /* Preview Assets.xcassets */ = {isa = PBXFileReference; lastKnownFileType = folder.assetcatalog; path = "Preview Assets.xcassets"; sourceTree = "<group>"; };
		62A82BB62742B7B70098762A /* textAlert.swift */ = {isa = PBXFileReference; lastKnownFileType = sourcecode.swift; path = textAlert.swift; sourceTree = "<group>"; };
		62A82BB92742B82A0098762A /* CompositePattern.swift */ = {isa = PBXFileReference; lastKnownFileType = sourcecode.swift; path = CompositePattern.swift; sourceTree = "<group>"; };
		62A82BBC2742B8540098762A /* ysCompositePatternApp.swift */ = {isa = PBXFileReference; lastKnownFileType = sourcecode.swift; path = ysCompositePatternApp.swift; sourceTree = "<group>"; };
		62A82BBF2742B8E20098762A /* RootView.swift */ = {isa = PBXFileReference; lastKnownFileType = sourcecode.swift; path = RootView.swift; sourceTree = "<group>"; };
		62A82BC12742B9140098762A /* SubView.swift */ = {isa = PBXFileReference; lastKnownFileType = sourcecode.swift; path = SubView.swift; sourceTree = "<group>"; };
		62A82BC32742B9320098762A /* ListItemView.swift */ = {isa = PBXFileReference; lastKnownFileType = sourcecode.swift; path = ListItemView.swift; sourceTree = "<group>"; };
/* End PBXFileReference section */

/* Begin PBXFrameworksBuildPhase section */
		62A82BA12742B6D80098762A /* Frameworks */ = {
			isa = PBXFrameworksBuildPhase;
			buildActionMask = 2147483647;
			files = (
			);
			runOnlyForDeploymentPostprocessing = 0;
		};
/* End PBXFrameworksBuildPhase section */

/* Begin PBXGroup section */
		62A82B9B2742B6D80098762A = {
			isa = PBXGroup;
			children = (
				62A82BA62742B6D80098762A /* Composite-homework */,
				62A82BA52742B6D80098762A /* Products */,
			);
			sourceTree = "<group>";
		};
		62A82BA52742B6D80098762A /* Products */ = {
			isa = PBXGroup;
			children = (
				62A82BA42742B6D80098762A /* Composite-homework.app */,
			);
			name = Products;
			sourceTree = "<group>";
		};
		62A82BA62742B6D80098762A /* Composite-homework */ = {
			isa = PBXGroup;
			children = (
				62A82BBE2742B89D0098762A /* Views */,
				62A82BBB2742B8460098762A /* ysCompositePatternApp */,
				62A82BB82742B81A0098762A /* CompositePattern */,
				62A82BB52742B76B0098762A /* text */,
				62A82BAB2742B6DA0098762A /* Assets.xcassets */,
				62A82BAD2742B6DA0098762A /* Preview Content */,
			);
			path = "Composite-homework";
			sourceTree = "<group>";
		};
		62A82BAD2742B6DA0098762A /* Preview Content */ = {
			isa = PBXGroup;
			children = (
				62A82BAE2742B6DA0098762A /* Preview Assets.xcassets */,
			);
			path = "Preview Content";
			sourceTree = "<group>";
		};
		62A82BB52742B76B0098762A /* text */ = {
			isa = PBXGroup;
			children = (
				62A82BB62742B7B70098762A /* textAlert.swift */,
			);
			path = text;
			sourceTree = "<group>";
		};
		62A82BB82742B81A0098762A /* CompositePattern */ = {
			isa = PBXGroup;
			children = (
				62A82BB92742B82A0098762A /* CompositePattern.swift */,
			);
			path = CompositePattern;
			sourceTree = "<group>";
		};
		62A82BBB2742B8460098762A /* ysCompositePatternApp */ = {
			isa = PBXGroup;
			children = (
				62A82BBC2742B8540098762A /* ysCompositePatternApp.swift */,
			);
			path = ysCompositePatternApp;
			sourceTree = "<group>";
		};
		62A82BBE2742B89D0098762A /* Views */ = {
			isa = PBXGroup;
			children = (
				62A82BBF2742B8E20098762A /* RootView.swift */,
				62A82BC12742B9140098762A /* SubView.swift */,
				62A82BC32742B9320098762A /* ListItemView.swift */,
			);
			path = Views;
			sourceTree = "<group>";
		};
/* End PBXGroup section */

/* Begin PBXNativeTarget section */
		62A82BA32742B6D80098762A /* Composite-homework */ = {
			isa = PBXNativeTarget;
			buildConfigurationList = 62A82BB22742B6DA0098762A /* Build configuration list for PBXNativeTarget "Composite-homework" */;
			buildPhases = (
				62A82BA02742B6D80098762A /* Sources */,
				62A82BA12742B6D80098762A /* Frameworks */,
				62A82BA22742B6D80098762A /* Resources */,
			);
			buildRules = (
			);
			dependencies = (
			);
			name = "Composite-homework";
			productName = "Composite-homework";
			productReference = 62A82BA42742B6D80098762A /* Composite-homework.app */;
			productType = "com.apple.product-type.application";
		};
/* End PBXNativeTarget section */

/* Begin PBXProject section */
		62A82B9C2742B6D80098762A /* Project object */ = {
			isa = PBXProject;
			attributes = {
				BuildIndependentTargetsInParallel = 1;
				LastSwiftUpdateCheck = 1310;
				LastUpgradeCheck = 1310;
				TargetAttributes = {
					62A82BA32742B6D80098762A = {
						CreatedOnToolsVersion = 13.1;
					};
				};
			};
			buildConfigurationList = 62A82B9F2742B6D80098762A /* Build configuration list for PBXProject "Composite-homework" */;
			compatibilityVersion = "Xcode 13.0";
			developmentRegion = en;
			hasScannedForEncodings = 0;
			knownRegions = (
				en,
				Base,
			);
			mainGroup = 62A82B9B2742B6D80098762A;
			productRefGroup = 62A82BA52742B6D80098762A /* Products */;
			projectDirPath = "";
			projectRoot = "";
			targets = (
				62A82BA32742B6D80098762A /* Composite-homework */,
			);
		};
/* End PBXProject section */

/* Begin PBXResourcesBuildPhase section */
		62A82BA22742B6D80098762A /* Resources */ = {
			isa = PBXResourcesBuildPhase;
			buildActionMask = 2147483647;
			files = (
				62A82BAF2742B6DA0098762A /* Preview Assets.xcassets in Resources */,
				62A82BAC2742B6DA0098762A /* Assets.xcassets in Resources */,
			);
			runOnlyForDeploymentPostprocessing = 0;
		};
/* End PBXResourcesBuildPhase section */

/* Begin PBXSourcesBuildPhase section */
		62A82BA02742B6D80098762A /* Sources */ = {
			isa = PBXSourcesBuildPhase;
			buildActionMask = 2147483647;
			files = (
				62A82BC02742B8E20098762A /* RootView.swift in Sources */,
				62A82BBD2742B8540098762A /* ysCompositePatternApp.swift in Sources */,
				62A82BB72742B7B70098762A /* textAlert.swift in Sources */,
				62A82BC42742B9320098762A /* ListItemView.swift in Sources */,
				62A82BBA2742B82A0098762A /* CompositePattern.swift in Sources */,
				62A82BC22742B9140098762A /* SubView.swift in Sources */,
			);
			runOnlyForDeploymentPostprocessing = 0;
		};
/* End PBXSourcesBuildPhase section */

/* Begin XCBuildConfiguration section */
		62A82BB02742B6DA0098762A /* Debug */ = {
			isa = XCBuildConfiguration;
			buildSettings = {
				ALWAYS_SEARCH_USER_PATHS = NO;
				CLANG_ANALYZER_NONNULL = YES;
				CLANG_ANALYZER_NUMBER_OBJECT_CONVERSION = YES_AGGRESSIVE;
				CLANG_CXX_LANGUAGE_STANDARD = "gnu++17";
				CLANG_CXX_LIBRARY = "libc++";
				CLANG_ENABLE_MODULES = YES;
				CLANG_ENABLE_OBJC_ARC = YES;
				CLANG_ENABLE_OBJC_WEAK = YES;
				CLANG_WARN_BLOCK_CAPTURE_AUTORELEASING = YES;
				CLANG_WARN_BOOL_CONVERSION = YES;
				CLANG_WARN_COMMA = YES;
				CLANG_WARN_CONSTANT_CONVERSION = YES;
				CLANG_WARN_DEPRECATED_OBJC_IMPLEMENTATIONS = YES;
				CLANG_WARN_DIRECT_OBJC_ISA_USAGE = YES_ERROR;
				CLANG_WARN_DOCUMENTATION_COMMENTS = YES;
				CLANG_WARN_EMPTY_BODY = YES;
				CLANG_WARN_ENUM_CONVERSION = YES;
				CLANG_WARN_INFINITE_RECURSION = YES;
				CLANG_WARN_INT_CONVERSION = YES;
				CLANG_WARN_NON_LITERAL_NULL_CONVERSION = YES;
				CLANG_WARN_OBJC_IMPLICIT_RETAIN_SELF = YES;
				CLANG_WARN_OBJC_LITERAL_CONVERSION = YES;
				CLANG_WARN_OBJC_ROOT_CLASS = YES_ERROR;
				CLANG_WARN_QUOTED_INCLUDE_IN_FRAMEWORK_HEADER = YES;
				CLANG_WARN_RANGE_LOOP_ANALYSIS = YES;
				CLANG_WARN_STRICT_PROTOTYPES = YES;
				CLANG_WARN_SUSPICIOUS_MOVE = YES;
				CLANG_WARN_UNGUARDED_AVAILABILITY = YES_AGGRESSIVE;
				CLANG_WARN_UNREACHABLE_CODE = YES;
				CLANG_WARN__DUPLICATE_METHOD_MATCH = YES;
				COPY_PHASE_STRIP = NO;
				DEBUG_INFORMATION_FORMAT = dwarf;
				ENABLE_STRICT_OBJC_MSGSEND = YES;
				ENABLE_TESTABILITY = YES;
				GCC_C_LANGUAGE_STANDARD = gnu11;
				GCC_DYNAMIC_NO_PIC = NO;
				GCC_NO_COMMON_BLOCKS = YES;
				GCC_OPTIMIZATION_LEVEL = 0;
				GCC_PREPROCESSOR_DEFINITIONS = (
					"DEBUG=1",
					"$(inherited)",
				);
				GCC_WARN_64_TO_32_BIT_CONVERSION = YES;
				GCC_WARN_ABOUT_RETURN_TYPE = YES_ERROR;
				GCC_WARN_UNDECLARED_SELECTOR = YES;
				GCC_WARN_UNINITIALIZED_AUTOS = YES_AGGRESSIVE;
				GCC_WARN_UNUSED_FUNCTION = YES;
				GCC_WARN_UNUSED_VARIABLE = YES;
				IPHONEOS_DEPLOYMENT_TARGET = 15.0;
				MTL_ENABLE_DEBUG_INFO = INCLUDE_SOURCE;
				MTL_FAST_MATH = YES;
				ONLY_ACTIVE_ARCH = YES;
				SDKROOT = iphoneos;
				SWIFT_ACTIVE_COMPILATION_CONDITIONS = DEBUG;
				SWIFT_OPTIMIZATION_LEVEL = "-Onone";
			};
			name = Debug;
		};
		62A82BB12742B6DA0098762A /* Release */ = {
			isa = XCBuildConfiguration;
			buildSettings = {
				ALWAYS_SEARCH_USER_PATHS = NO;
				CLANG_ANALYZER_NONNULL = YES;
				CLANG_ANALYZER_NUMBER_OBJECT_CONVERSION = YES_AGGRESSIVE;
				CLANG_CXX_LANGUAGE_STANDARD = "gnu++17";
				CLANG_CXX_LIBRARY = "libc++";
				CLANG_ENABLE_MODULES = YES;
				CLANG_ENABLE_OBJC_ARC = YES;
				CLANG_ENABLE_OBJC_WEAK = YES;
				CLANG_WARN_BLOCK_CAPTURE_AUTORELEASING = YES;
				CLANG_WARN_BOOL_CONVERSION = YES;
				CLANG_WARN_COMMA = YES;
				CLANG_WARN_CONSTANT_CONVERSION = YES;
				CLANG_WARN_DEPRECATED_OBJC_IMPLEMENTATIONS = YES;
				CLANG_WARN_DIRECT_OBJC_ISA_USAGE = YES_ERROR;
				CLANG_WARN_DOCUMENTATION_COMMENTS = YES;
				CLANG_WARN_EMPTY_BODY = YES;
				CLANG_WARN_ENUM_CONVERSION = YES;
				CLANG_WARN_INFINITE_RECURSION = YES;
				CLANG_WARN_INT_CONVERSION = YES;
				CLANG_WARN_NON_LITERAL_NULL_CONVERSION = YES;
				CLANG_WARN_OBJC_IMPLICIT_RETAIN_SELF = YES;
				CLANG_WARN_OBJC_LITERAL_CONVERSION = YES;
				CLANG_WARN_OBJC_ROOT_CLASS = YES_ERROR;
				CLANG_WARN_QUOTED_INCLUDE_IN_FRAMEWORK_HEADER = YES;
				CLANG_WARN_RANGE_LOOP_ANALYSIS = YES;
				CLANG_WARN_STRICT_PROTOTYPES = YES;
				CLANG_WARN_SUSPICIOUS_MOVE = YES;
				CLANG_WARN_UNGUARDED_AVAILABILITY = YES_AGGRESSIVE;
				CLANG_WARN_UNREACHABLE_CODE = YES;
				CLANG_WARN__DUPLICATE_METHOD_MATCH = YES;
				COPY_PHASE_STRIP = NO;
				DEBUG_INFORMATION_FORMAT = "dwarf-with-dsym";
				ENABLE_NS_ASSERTIONS = NO;
				ENABLE_STRICT_OBJC_MSGSEND = YES;
				GCC_C_LANGUAGE_STANDARD = gnu11;
				GCC_NO_COMMON_BLOCKS = YES;
				GCC_WARN_64_TO_32_BIT_CONVERSION = YES;
				GCC_WARN_ABOUT_RETURN_TYPE = YES_ERROR;
				GCC_WARN_UNDECLARED_SELECTOR = YES;
				GCC_WARN_UNINITIALIZED_AUTOS = YES_AGGRESSIVE;
				GCC_WARN_UNUSED_FUNCTION = YES;
				GCC_WARN_UNUSED_VARIABLE = YES;
				IPHONEOS_DEPLOYMENT_TARGET = 15.0;
				MTL_ENABLE_DEBUG_INFO = NO;
				MTL_FAST_MATH = YES;
				SDKROOT = iphoneos;
				SWIFT_COMPILATION_MODE = wholemodule;
				SWIFT_OPTIMIZATION_LEVEL = "-O";
				VALIDATE_PRODUCT = YES;
			};
			name = Release;
		};
		62A82BB32742B6DA0098762A /* Debug */ = {
			isa = XCBuildConfiguration;
			buildSettings = {
				ASSETCATALOG_COMPILER_APPICON_NAME = AppIcon;
				ASSETCATALOG_COMPILER_GLOBAL_ACCENT_COLOR_NAME = AccentColor;
				CODE_SIGN_STYLE = Automatic;
				CURRENT_PROJECT_VERSION = 1;
				DEVELOPMENT_ASSET_PATHS = "\"Composite-homework/Preview Content\"";
				ENABLE_PREVIEWS = YES;
				GENERATE_INFOPLIST_FILE = YES;
				INFOPLIST_KEY_UIApplicationSceneManifest_Generation = YES;
				INFOPLIST_KEY_UIApplicationSupportsIndirectInputEvents = YES;
				INFOPLIST_KEY_UILaunchScreen_Generation = YES;
				INFOPLIST_KEY_UISupportedInterfaceOrientations_iPad = "UIInterfaceOrientationPortrait UIInterfaceOrientationPortraitUpsideDown UIInterfaceOrientationLandscapeLeft UIInterfaceOrientationLandscapeRight";
				INFOPLIST_KEY_UISupportedInterfaceOrientations_iPhone = "UIInterfaceOrientationPortrait UIInterfaceOrientationLandscapeLeft UIInterfaceOrientationLandscapeRight";
				LD_RUNPATH_SEARCH_PATHS = (
					"$(inherited)",
					"@executable_path/Frameworks",
				);
				MARKETING_VERSION = 1.0;
				PRODUCT_BUNDLE_IDENTIFIER = "project.Composite-homework";
				PRODUCT_NAME = "$(TARGET_NAME)";
				SWIFT_EMIT_LOC_STRINGS = YES;
				SWIFT_VERSION = 5.0;
				TARGETED_DEVICE_FAMILY = "1,2";
			};
			name = Debug;
		};
		62A82BB42742B6DA0098762A /* Release */ = {
			isa = XCBuildConfiguration;
			buildSettings = {
				ASSETCATALOG_COMPILER_APPICON_NAME = AppIcon;
				ASSETCATALOG_COMPILER_GLOBAL_ACCENT_COLOR_NAME = AccentColor;
				CODE_SIGN_STYLE = Automatic;
				CURRENT_PROJECT_VERSION = 1;
				DEVELOPMENT_ASSET_PATHS = "\"Composite-homework/Preview Content\"";
				ENABLE_PREVIEWS = YES;
				GENERATE_INFOPLIST_FILE = YES;
				INFOPLIST_KEY_UIApplicationSceneManifest_Generation = YES;
				INFOPLIST_KEY_UIApplicationSupportsIndirectInputEvents = YES;
				INFOPLIST_KEY_UILaunchScreen_Generation = YES;
				INFOPLIST_KEY_UISupportedInterfaceOrientations_iPad = "UIInterfaceOrientationPortrait UIInterfaceOrientationPortraitUpsideDown UIInterfaceOrientationLandscapeLeft UIInterfaceOrientationLandscapeRight";
				INFOPLIST_KEY_UISupportedInterfaceOrientations_iPhone = "UIInterfaceOrientationPortrait UIInterfaceOrientationLandscapeLeft UIInterfaceOrientationLandscapeRight";
				LD_RUNPATH_SEARCH_PATHS = (
					"$(inherited)",
					"@executable_path/Frameworks",
				);
				MARKETING_VERSION = 1.0;
				PRODUCT_BUNDLE_IDENTIFIER = "project.Composite-homework";
				PRODUCT_NAME = "$(TARGET_NAME)";
				SWIFT_EMIT_LOC_STRINGS = YES;
				SWIFT_VERSION = 5.0;
				TARGETED_DEVICE_FAMILY = "1,2";
			};
			name = Release;
		};
/* End XCBuildConfiguration section */

/* Begin XCConfigurationList section */
		62A82B9F2742B6D80098762A /* Build configuration list for PBXProject "Composite-homework" */ = {
			isa = XCConfigurationList;
			buildConfigurations = (
				62A82BB02742B6DA0098762A /* Debug */,
				62A82BB12742B6DA0098762A /* Release */,
			);
			defaultConfigurationIsVisible = 0;
			defaultConfigurationName = Release;
		};
		62A82BB22742B6DA0098762A /* Build configuration list for PBXNativeTarget "Composite-homework" */ = {
			isa = XCConfigurationList;
			buildConfigurations = (
				62A82BB32742B6DA0098762A /* Debug */,
				62A82BB42742B6DA0098762A /* Release */,
			);
			defaultConfigurationIsVisible = 0;
			defaultConfigurationName = Release;
		};
/* End XCConfigurationList section */
	};
	rootObject = 62A82B9C2742B6D80098762A /* Project object */;
}
